
Microsoft Visual Studio Solution File, Format Version 12.00
# Visual Studio Version 16
VisualStudioVersion = 16.0.29609.76
MinimumVisualStudioVersion = 10.0.40219.1
Project("{FAE04EC0-301F-11D3-BF4B-00C04F79EFBC}") = "AppTeste.Android", "AppTeste\AppTeste.Android\AppTeste.Android.csproj", "{517A0CA8-AAD0-4FA2-9D6B-D15856FFAFE6}"
EndProject
Project("{FAE04EC0-301F-11D3-BF4B-00C04F79EFBC}") = "AppTeste", "AppTeste\AppTeste\AppTeste.csproj", "{ED820A98-BEB3-4669-84B8-172A07BB187A}"
EndProject
Global
	GlobalSection(SolutionConfigurationPlatforms) = preSolution
		Debug|Any CPU = Debug|Any CPU
		Release|Any CPU = Release|Any CPU
	EndGlobalSection
	GlobalSection(ProjectConfigurationPlatforms) = postSolution
		{517A0CA8-AAD0-4FA2-9D6B-D15856FFAFE6}.Debug|Any CPU.ActiveCfg = Debug|Any CPU
		{517A0CA8-AAD0-4FA2-9D6B-D15856FFAFE6}.Debug|Any CPU.Build.0 = Debug|Any CPU
		{517A0CA8-AAD0-4FA2-9D6B-D15856FFAFE6}.Debug|Any CPU.Deploy.0 = Debug|Any CPU
		{517A0CA8-AAD0-4FA2-9D6B-D15856FFAFE6}.Release|Any CPU.ActiveCfg = Release|Any CPU
		{517A0CA8-AAD0-4FA2-9D6B-D15856FFAFE6}.Release|Any CPU.Build.0 = Release|Any CPU
		{517A0CA8-AAD0-4FA2-9D6B-D15856FFAFE6}.Release|Any CPU.Deploy.0 = Release|Any CPU
		{ED820A98-BEB3-4669-84B8-172A07BB187A}.Debug|Any CPU.ActiveCfg = Debug|Any CPU
		{ED820A98-BEB3-4669-84B8-172A07BB187A}.Debug|Any CPU.Build.0 = Debug|Any CPU
		{ED820A98-BEB3-4669-84B8-172A07BB187A}.Debug|Any CPU.Deploy.0 = Debug|Any CPU
		{ED820A98-BEB3-4669-84B8-172A07BB187A}.Release|Any CPU.ActiveCfg = Release|Any CPU
		{ED820A98-BEB3-4669-84B8-172A07BB187A}.Release|Any CPU.Build.0 = Release|Any CPU
		{ED820A98-BEB3-4669-84B8-172A07BB187A}.Release|Any CPU.Deploy.0 = Release|Any CPU
	EndGlobalSection
	GlobalSection(SolutionProperties) = preSolution
		HideSolutionNode = FALSE
	EndGlobalSection
	GlobalSection(ExtensibilityGlobals) = postSolution
		SolutionGuid = {1DB78DB7-6C75-49B1-9C2E-E1CCE437DFF0}
	EndGlobalSection
EndGlobal
